// !$*UTF8*$!
{
	archiveVersion = 1;
	classes = {
	};
	objectVersion = 46;
	objects = {

/* Begin PBXBuildFile section */
		4CA0E3211F5DAEAE00E10495 /* AppDelegate.swift in Sources */ = {isa = PBXBuildFile; fileRef = 4CA0E3201F5DAEAE00E10495 /* AppDelegate.swift */; };
		4CA0E3231F5DAEAE00E10495 /* ViewController.swift in Sources */ = {isa = PBXBuildFile; fileRef = 4CA0E3221F5DAEAE00E10495 /* ViewController.swift */; };
		4CA0E3261F5DAEAE00E10495 /* Main.storyboard in Resources */ = {isa = PBXBuildFile; fileRef = 4CA0E3241F5DAEAE00E10495 /* Main.storyboard */; };
		4CA0E3281F5DAEAE00E10495 /* Assets.xcassets in Resources */ = {isa = PBXBuildFile; fileRef = 4CA0E3271F5DAEAE00E10495 /* Assets.xcassets */; };
		4CA0E32B1F5DAEAE00E10495 /* LaunchScreen.storyboard in Resources */ = {isa = PBXBuildFile; fileRef = 4CA0E3291F5DAEAE00E10495 /* LaunchScreen.storyboard */; };
		4CA0E3361F5DAEAE00E10495 /* myAppTests.swift in Sources */ = {isa = PBXBuildFile; fileRef = 4CA0E3351F5DAEAE00E10495 /* myAppTests.swift */; };
		4CA0E3431F5DC5D300E10495 /* images.jpeg in Resources */ = {isa = PBXBuildFile; fileRef = 4CA0E3421F5DC5D300E10495 /* images.jpeg */; };
		4CA0E3451F5DCAC200E10495 /* RegisterPageViewController.swift in Sources */ = {isa = PBXBuildFile; fileRef = 4CA0E3441F5DCAC200E10495 /* RegisterPageViewController.swift */; };
/* End PBXBuildFile section */

/* Begin PBXContainerItemProxy section */
		4CA0E3321F5DAEAE00E10495 /* PBXContainerItemProxy */ = {
			isa = PBXContainerItemProxy;
			containerPortal = 4CA0E3151F5DAEAE00E10495 /* Project object */;
			proxyType = 1;
			remoteGlobalIDString = 4CA0E31C1F5DAEAE00E10495;
			remoteInfo = myApp;
		};
/* End PBXContainerItemProxy section */

/* Begin PBXFileReference section */
		4CA0E31D1F5DAEAE00E10495 /* Got Vitamin D?.app */ = {isa = PBXFileReference; explicitFileType = wrapper.application; includeInIndex = 0; path = "Got Vitamin D?.app"; sourceTree = BUILT_PRODUCTS_DIR; };
		4CA0E3201F5DAEAE00E10495 /* AppDelegate.swift */ = {isa = PBXFileReference; lastKnownFileType = sourcecode.swift; path = AppDelegate.swift; sourceTree = "<group>"; };
		4CA0E3221F5DAEAE00E10495 /* ViewController.swift */ = {isa = PBXFileReference; lastKnownFileType = sourcecode.swift; path = ViewController.swift; sourceTree = "<group>"; };
		4CA0E3251F5DAEAE00E10495 /* Base */ = {isa = PBXFileReference; lastKnownFileType = file.storyboard; name = Base; path = Base.lproj/Main.storyboard; sourceTree = "<group>"; };
		4CA0E3271F5DAEAE00E10495 /* Assets.xcassets */ = {isa = PBXFileReference; lastKnownFileType = folder.assetcatalog; path = Assets.xcassets; sourceTree = "<group>"; };
		4CA0E32A1F5DAEAE00E10495 /* Base */ = {isa = PBXFileReference; lastKnownFileType = file.storyboard; name = Base; path = Base.lproj/LaunchScreen.storyboard; sourceTree = "<group>"; };
		4CA0E32C1F5DAEAE00E10495 /* Info.plist */ = {isa = PBXFileReference; lastKnownFileType = text.plist.xml; path = Info.plist; sourceTree = "<group>"; };
		4CA0E3311F5DAEAE00E10495 /* Got Vitamin D?Tests.xctest */ = {isa = PBXFileReference; explicitFileType = wrapper.cfbundle; includeInIndex = 0; path = "Got Vitamin D?Tests.xctest"; sourceTree = BUILT_PRODUCTS_DIR; };
		4CA0E3351F5DAEAE00E10495 /* myAppTests.swift */ = {isa = PBXFileReference; lastKnownFileType = sourcecode.swift; path = myAppTests.swift; sourceTree = "<group>"; };
		4CA0E3371F5DAEAE00E10495 /* Info.plist */ = {isa = PBXFileReference; lastKnownFileType = text.plist.xml; path = Info.plist; sourceTree = "<group>"; };
		4CA0E3421F5DC5D300E10495 /* images.jpeg */ = {isa = PBXFileReference; lastKnownFileType = image.jpeg; path = images.jpeg; sourceTree = "<group>"; };
		4CA0E3441F5DCAC200E10495 /* RegisterPageViewController.swift */ = {isa = PBXFileReference; fileEncoding = 4; lastKnownFileType = sourcecode.swift; path = RegisterPageViewController.swift; sourceTree = "<group>"; };
/* End PBXFileReference section */

/* Begin PBXFrameworksBuildPhase section */
		4CA0E31A1F5DAEAE00E10495 /* Frameworks */ = {
			isa = PBXFrameworksBuildPhase;
			buildActionMask = 2147483647;
			files = (
			);
			runOnlyForDeploymentPostprocessing = 0;
		};
		4CA0E32E1F5DAEAE00E10495 /* Frameworks */ = {
			isa = PBXFrameworksBuildPhase;
			buildActionMask = 2147483647;
			files = (
			);
			runOnlyForDeploymentPostprocessing = 0;
		};
/* End PBXFrameworksBuildPhase section */

/* Begin PBXGroup section */
		4CA0E3141F5DAEAE00E10495 = {
			isa = PBXGroup;
			children = (
				4CA0E31F1F5DAEAE00E10495 /* myApp */,
				4CA0E3341F5DAEAE00E10495 /* myAppTests */,
				4CA0E31E1F5DAEAE00E10495 /* Products */,
			);
			sourceTree = "<group>";
		};
		4CA0E31E1F5DAEAE00E10495 /* Products */ = {
			isa = PBXGroup;
			children = (
				4CA0E31D1F5DAEAE00E10495 /* Got Vitamin D?.app */,
				4CA0E3311F5DAEAE00E10495 /* Got Vitamin D?Tests.xctest */,
			);
			name = Products;
			sourceTree = "<group>";
		};
		4CA0E31F1F5DAEAE00E10495 /* myApp */ = {
			isa = PBXGroup;
			children = (
				4CA0E3201F5DAEAE00E10495 /* AppDelegate.swift */,
				4CA0E3221F5DAEAE00E10495 /* ViewController.swift */,
				4CA0E3241F5DAEAE00E10495 /* Main.storyboard */,
				4CA0E3271F5DAEAE00E10495 /* Assets.xcassets */,
				4CA0E3291F5DAEAE00E10495 /* LaunchScreen.storyboard */,
				4CA0E32C1F5DAEAE00E10495 /* Info.plist */,
				4CA0E3441F5DCAC200E10495 /* RegisterPageViewController.swift */,
			);
			path = myApp;
			sourceTree = "<group>";
		};
		4CA0E3341F5DAEAE00E10495 /* myAppTests */ = {
			isa = PBXGroup;
			children = (
				4CA0E3421F5DC5D300E10495 /* images.jpeg */,
				4CA0E3351F5DAEAE00E10495 /* myAppTests.swift */,
				4CA0E3371F5DAEAE00E10495 /* Info.plist */,
			);
			path = myAppTests;
			sourceTree = "<group>";
		};
/* End PBXGroup section */

/* Begin PBXNativeTarget section */
		4CA0E31C1F5DAEAE00E10495 /* Got Vitamin D? */ = {
			isa = PBXNativeTarget;
			buildConfigurationList = 4CA0E33A1F5DAEAE00E10495 /* Build configuration list for PBXNativeTarget "Got Vitamin D?" */;
			buildPhases = (
				4CA0E3191F5DAEAE00E10495 /* Sources */,
				4CA0E31A1F5DAEAE00E10495 /* Frameworks */,
				4CA0E31B1F5DAEAE00E10495 /* Resources */,
			);
			buildRules = (
			);
			dependencies = (
			);
			name = "Got Vitamin D?";
			productName = myApp;
			productReference = 4CA0E31D1F5DAEAE00E10495 /* Got Vitamin D?.app */;
			productType = "com.apple.product-type.application";
		};
		4CA0E3301F5DAEAE00E10495 /* Got Vitamin D?Tests */ = {
			isa = PBXNativeTarget;
			buildConfigurationList = 4CA0E33D1F5DAEAE00E10495 /* Build configuration list for PBXNativeTarget "Got Vitamin D?Tests" */;
			buildPhases = (
				4CA0E32D1F5DAEAE00E10495 /* Sources */,
				4CA0E32E1F5DAEAE00E10495 /* Frameworks */,
				4CA0E32F1F5DAEAE00E10495 /* Resources */,
			);
			buildRules = (
			);
			dependencies = (
				4CA0E3331F5DAEAE00E10495 /* PBXTargetDependency */,
			);
			name = "Got Vitamin D?Tests";
			productName = myAppTests;
			productReference = 4CA0E3311F5DAEAE00E10495 /* Got Vitamin D?Tests.xctest */;
			productType = "com.apple.product-type.bundle.unit-test";
		};
/* End PBXNativeTarget section */

/* Begin PBXProject section */
		4CA0E3151F5DAEAE00E10495 /* Project object */ = {
			isa = PBXProject;
			attributes = {
				LastSwiftUpdateCheck = 0830;
				LastUpgradeCheck = 0830;
				ORGANIZATIONNAME = Ishaan;
				TargetAttributes = {
					4CA0E31C1F5DAEAE00E10495 = {
						CreatedOnToolsVersion = 8.3.1;
						ProvisioningStyle = Automatic;
					};
					4CA0E3301F5DAEAE00E10495 = {
						CreatedOnToolsVersion = 8.3.1;
						ProvisioningStyle = Automatic;
						TestTargetID = 4CA0E31C1F5DAEAE00E10495;
					};
				};
			};
			buildConfigurationList = 4CA0E3181F5DAEAE00E10495 /* Build configuration list for PBXProject "Got Vitamin D?" */;
			compatibilityVersion = "Xcode 3.2";
			developmentRegion = English;
			hasScannedForEncodings = 0;
			knownRegions = (
				en,
				Base,
			);
			mainGroup = 4CA0E3141F5DAEAE00E10495;
			productRefGroup = 4CA0E31E1F5DAEAE00E10495 /* Products */;
			projectDirPath = "";
			projectRoot = "";
			targets = (
				4CA0E31C1F5DAEAE00E10495 /* Got Vitamin D? */,
				4CA0E3301F5DAEAE00E10495 /* Got Vitamin D?Tests */,
			);
		};
/* End PBXProject section */

/* Begin PBXResourcesBuildPhase section */
		4CA0E31B1F5DAEAE00E10495 /* Resources */ = {
			isa = PBXResourcesBuildPhase;
			buildActionMask = 2147483647;
			files = (
				4CA0E32B1F5DAEAE00E10495 /* LaunchScreen.storyboard in Resources */,
				4CA0E3431F5DC5D300E10495 /* images.jpeg in Resources */,
				4CA0E3281F5DAEAE00E10495 /* Assets.xcassets in Resources */,
				4CA0E3261F5DAEAE00E10495 /* Main.storyboard in Resources */,
			);
			runOnlyForDeploymentPostprocessing = 0;
		};
		4CA0E32F1F5DAEAE00E10495 /* Resources */ = {
			isa = PBXResourcesBuildPhase;
			buildActionMask = 2147483647;
			files = (
			);
			runOnlyForDeploymentPostprocessing = 0;
		};
/* End PBXResourcesBuildPhase section */

/* Begin PBXSourcesBuildPhase section */
		4CA0E3191F5DAEAE00E10495 /* Sources */ = {
			isa = PBXSourcesBuildPhase;
			buildActionMask = 2147483647;
			files = (
				4CA0E3231F5DAEAE00E10495 /* ViewController.swift in Sources */,
				4CA0E3211F5DAEAE00E10495 /* AppDelegate.swift in Sources */,
				4CA0E3451F5DCAC200E10495 /* RegisterPageViewController.swift in Sources */,
			);
			runOnlyForDeploymentPostprocessing = 0;
		};
		4CA0E32D1F5DAEAE00E10495 /* Sources */ = {
			isa = PBXSourcesBuildPhase;
			buildActionMask = 2147483647;
			files = (
				4CA0E3361F5DAEAE00E10495 /* myAppTests.swift in Sources */,
			);
			runOnlyForDeploymentPostprocessing = 0;
		};
/* End PBXSourcesBuildPhase section */

/* Begin PBXTargetDependency section */
		4CA0E3331F5DAEAE00E10495 /* PBXTargetDependency */ = {
			isa = PBXTargetDependency;
			target = 4CA0E31C1F5DAEAE00E10495 /* Got Vitamin D? */;
			targetProxy = 4CA0E3321F5DAEAE00E10495 /* PBXContainerItemProxy */;
		};
/* End PBXTargetDependency section */

/* Begin PBXVariantGroup section */
		4CA0E3241F5DAEAE00E10495 /* Main.storyboard */ = {
			isa = PBXVariantGroup;
			children = (
				4CA0E3251F5DAEAE00E10495 /* Base */,
			);
			name = Main.storyboard;
			sourceTree = "<group>";
		};
		4CA0E3291F5DAEAE00E10495 /* LaunchScreen.storyboard */ = {
			isa = PBXVariantGroup;
			children = (
				4CA0E32A1F5DAEAE00E10495 /* Base */,
			);
			name = LaunchScreen.storyboard;
			sourceTree = "<group>";
		};
/* End PBXVariantGroup section */

/* Begin XCBuildConfiguration section */
		4CA0E3381F5DAEAE00E10495 /* Debug */ = {
			isa = XCBuildConfiguration;
			buildSettings = {
				ALWAYS_SEARCH_USER_PATHS = NO;
				CLANG_ANALYZER_NONNULL = YES;
				CLANG_ANALYZER_NUMBER_OBJECT_CONVERSION = YES_AGGRESSIVE;
				CLANG_CXX_LANGUAGE_STANDARD = "gnu++0x";
				CLANG_CXX_LIBRARY = "libc++";
				CLANG_ENABLE_MODULES = YES;
				CLANG_ENABLE_OBJC_ARC = YES;
				CLANG_WARN_BOOL_CONVERSION = YES;
				CLANG_WARN_CONSTANT_CONVERSION = YES;
				CLANG_WARN_DIRECT_OBJC_ISA_USAGE = YES_ERROR;
				CLANG_WARN_DOCUMENTATION_COMMENTS = YES;
				CLANG_WARN_EMPTY_BODY = YES;
				CLANG_WARN_ENUM_CONVERSION = YES;
				CLANG_WARN_INFINITE_RECURSION = YES;
				CLANG_WARN_INT_CONVERSION = YES;
				CLANG_WARN_OBJC_ROOT_CLASS = YES_ERROR;
				CLANG_WARN_SUSPICIOUS_MOVE = YES;
				CLANG_WARN_UNREACHABLE_CODE = YES;
				CLANG_WARN__DUPLICATE_METHOD_MATCH = YES;
				"CODE_SIGN_IDENTITY[sdk=iphoneos*]" = "iPhone Developer";
				COPY_PHASE_STRIP = NO;
				DEBUG_INFORMATION_FORMAT = dwarf;
				ENABLE_STRICT_OBJC_MSGSEND = YES;
				ENABLE_TESTABILITY = YES;
				GCC_C_LANGUAGE_STANDARD = gnu99;
				GCC_DYNAMIC_NO_PIC = NO;
				GCC_NO_COMMON_BLOCKS = YES;
				GCC_OPTIMIZATION_LEVEL = 0;
				GCC_PREPROCESSOR_DEFINITIONS = (
					"DEBUG=1",
					"$(inherited)",
				);
				GCC_WARN_64_TO_32_BIT_CONVERSION = YES;
				GCC_WARN_ABOUT_RETURN_TYPE = YES_ERROR;
				GCC_WARN_UNDECLARED_SELECTOR = YES;
				GCC_WARN_UNINITIALIZED_AUTOS = YES_AGGRESSIVE;
				GCC_WARN_UNUSED_FUNCTION = YES;
				GCC_WARN_UNUSED_VARIABLE = YES;
				IPHONEOS_DEPLOYMENT_TARGET = 10.3;
				MTL_ENABLE_DEBUG_INFO = YES;
				ONLY_ACTIVE_ARCH = YES;
				SDKROOT = iphoneos;
				SWIFT_ACTIVE_COMPILATION_CONDITIONS = DEBUG;
				SWIFT_OPTIMIZATION_LEVEL = "-Onone";
			};
			name = Debug;
		};
		4CA0E3391F5DAEAE00E10495 /* Release */ = {
			isa = XCBuildConfiguration;
			buildSettings = {
				ALWAYS_SEARCH_USER_PATHS = NO;
				CLANG_ANALYZER_NONNULL = YES;
				CLANG_ANALYZER_NUMBER_OBJECT_CONVERSION = YES_AGGRESSIVE;
				CLANG_CXX_LANGUAGE_STANDARD = "gnu++0x";
				CLANG_CXX_LIBRARY = "libc++";
				CLANG_ENABLE_MODULES = YES;
				CLANG_ENABLE_OBJC_ARC = YES;
				CLANG_WARN_BOOL_CONVERSION = YES;
				CLANG_WARN_CONSTANT_CONVERSION = YES;
				CLANG_WARN_DIRECT_OBJC_ISA_USAGE = YES_ERROR;
				CLANG_WARN_DOCUMENTATION_COMMENTS = YES;
				CLANG_WARN_EMPTY_BODY = YES;
				CLANG_WARN_ENUM_CONVERSION = YES;
				CLANG_WARN_INFINITE_RECURSION = YES;
				CLANG_WARN_INT_CONVERSION = YES;
				CLANG_WARN_OBJC_ROOT_CLASS = YES_ERROR;
				CLANG_WARN_SUSPICIOUS_MOVE = YES;
				CLANG_WARN_UNREACHABLE_CODE = YES;
				CLANG_WARN__DUPLICATE_METHOD_MATCH = YES;
				"CODE_SIGN_IDENTITY[sdk=iphoneos*]" = "iPhone Developer";
				COPY_PHASE_STRIP = NO;
				DEBUG_INFORMATION_FORMAT = "dwarf-with-dsym";
				ENABLE_NS_ASSERTIONS = NO;
				ENABLE_STRICT_OBJC_MSGSEND = YES;
				GCC_C_LANGUAGE_STANDARD = gnu99;
				GCC_NO_COMMON_BLOCKS = YES;
				GCC_WARN_64_TO_32_BIT_CONVERSION = YES;
				GCC_WARN_ABOUT_RETURN_TYPE = YES_ERROR;
				GCC_WARN_UNDECLARED_SELECTOR = YES;
				GCC_WARN_UNINITIALIZED_AUTOS = YES_AGGRESSIVE;
				GCC_WARN_UNUSED_FUNCTION = YES;
				GCC_WARN_UNUSED_VARIABLE = YES;
				IPHONEOS_DEPLOYMENT_TARGET = 10.3;
				MTL_ENABLE_DEBUG_INFO = NO;
				SDKROOT = iphoneos;
				SWIFT_OPTIMIZATION_LEVEL = "-Owholemodule";
				VALIDATE_PRODUCT = YES;
			};
			name = Release;
		};
		4CA0E33B1F5DAEAE00E10495 /* Debug */ = {
			isa = XCBuildConfiguration;
			buildSettings = {
				ASSETCATALOG_COMPILER_APPICON_NAME = AppIcon;
				INFOPLIST_FILE = myApp/Info.plist;
				LD_RUNPATH_SEARCH_PATHS = "$(inherited) @executable_path/Frameworks";
				PRODUCT_BUNDLE_IDENTIFIER = com.Ishaan.myApp;
				PRODUCT_NAME = "$(TARGET_NAME)";
				SWIFT_VERSION = 3.0;
			};
			name = Debug;
		};
		4CA0E33C1F5DAEAE00E10495 /* Release */ = {
			isa = XCBuildConfiguration;
			buildSettings = {
				ASSETCATALOG_COMPILER_APPICON_NAME = AppIcon;
				INFOPLIST_FILE = myApp/Info.plist;
				LD_RUNPATH_SEARCH_PATHS = "$(inherited) @executable_path/Frameworks";
				PRODUCT_BUNDLE_IDENTIFIER = com.Ishaan.myApp;
				PRODUCT_NAME = "$(TARGET_NAME)";
				SWIFT_VERSION = 3.0;
			};
			name = Release;
		};
		4CA0E33E1F5DAEAE00E10495 /* Debug */ = {
			isa = XCBuildConfiguration;
			buildSettings = {
				ALWAYS_EMBED_SWIFT_STANDARD_LIBRARIES = YES;
				BUNDLE_LOADER = "$(TEST_HOST)";
				INFOPLIST_FILE = myAppTests/Info.plist;
				LD_RUNPATH_SEARCH_PATHS = "$(inherited) @executable_path/Frameworks @loader_path/Frameworks";
				PRODUCT_BUNDLE_IDENTIFIER = com.Ishaan.myAppTests;
				PRODUCT_NAME = "$(TARGET_NAME)";
				SWIFT_VERSION = 3.0;
				TEST_HOST = "$(BUILT_PRODUCTS_DIR)/Got Vitamin D?.app/Got Vitamin D?";
			};
			name = Debug;
		};
		4CA0E33F1F5DAEAE00E10495 /* Release */ = {
			isa = XCBuildConfiguration;
			buildSettings = {
				ALWAYS_EMBED_SWIFT_STANDARD_LIBRARIES = YES;
				BUNDLE_LOADER = "$(TEST_HOST)";
				INFOPLIST_FILE = myAppTests/Info.plist;
				LD_RUNPATH_SEARCH_PATHS = "$(inherited) @executable_path/Frameworks @loader_path/Frameworks";
				PRODUCT_BUNDLE_IDENTIFIER = com.Ishaan.myAppTests;
				PRODUCT_NAME = "$(TARGET_NAME)";
				SWIFT_VERSION = 3.0;
				TEST_HOST = "$(BUILT_PRODUCTS_DIR)/Got Vitamin D?.app/Got Vitamin D?";
			};
			name = Release;
		};
/* End XCBuildConfiguration section */

/* Begin XCConfigurationList section */
		4CA0E3181F5DAEAE00E10495 /* Build configuration list for PBXProject "Got Vitamin D?" */ = {
			isa = XCConfigurationList;
			buildConfigurations = (
				4CA0E3381F5DAEAE00E10495 /* Debug */,
				4CA0E3391F5DAEAE00E10495 /* Release */,
			);
			defaultConfigurationIsVisible = 0;
			defaultConfigurationName = Release;
		};
		4CA0E33A1F5DAEAE00E10495 /* Build configuration list for PBXNativeTarget "Got Vitamin D?" */ = {
			isa = XCConfigurationList;
			buildConfigurations = (
				4CA0E33B1F5DAEAE00E10495 /* Debug */,
				4CA0E33C1F5DAEAE00E10495 /* Release */,
			);
			defaultConfigurationIsVisible = 0;
		};
		4CA0E33D1F5DAEAE00E10495 /* Build configuration list for PBXNativeTarget "Got Vitamin D?Tests" */ = {
			isa = XCConfigurationList;
			buildConfigurations = (
				4CA0E33E1F5DAEAE00E10495 /* Debug */,
				4CA0E33F1F5DAEAE00E10495 /* Release */,
			);
			defaultConfigurationIsVisible = 0;
		};
/* End XCConfigurationList section */
	};
	rootObject = 4CA0E3151F5DAEAE00E10495 /* Project object */;
}
